
Microsoft Visual Studio Solution File, Format Version 12.00
# Visual Studio Version 16
VisualStudioVersion = 16.0.29926.136
MinimumVisualStudioVersion = 15.0.26124.0
Project("{E53339B2-1760-4266-BCC7-CA923CBCF16C}") = "docker-compose", "docker-compose.dcproj", "{BFB73B84-05FE-4DFB-AF9C-FA8B4D1786B0}"
EndProject
Project("{2150E333-8FDC-42A3-9474-1A3956D46DE8}") = "src", "src", "{5E83E3EA-C97B-4290-8DA7-979D54BCC69D}"
EndProject
Project("{2150E333-8FDC-42A3-9474-1A3956D46DE8}") = "services", "services", "{F6CD0052-2DEE-4B64-ACAB-DEE8331C7B55}"
EndProject
Project("{2150E333-8FDC-42A3-9474-1A3956D46DE8}") = "TemplateService", "TemplateService", "{8812A7BA-0FA3-42F2-AFCE-5DF56DA148FC}"
EndProject
Project("{9A19103F-16F7-4668-BE54-9A1E7A4F7556}") = "TemplateProduct.TemplateService", "src\services\TemplateService\TemplateProduct.TemplateService\TemplateProduct.TemplateService.csproj", "{D716BF21-C849-4927-B21E-53113AFF2A10}"
EndProject
Project("{9A19103F-16F7-4668-BE54-9A1E7A4F7556}") = "TemplateProduct.TemplateService.Contracts", "src\services\TemplateService\TemplateProduct.TemplateService.Contracts\TemplateProduct.TemplateService.Contracts.csproj", "{4B636E81-149A-42A0-B7CA-F1A21D4FEF5E}"
EndProject
Project("{9A19103F-16F7-4668-BE54-9A1E7A4F7556}") = "TemplateProduct.TemplateService.Tests", "src\services\TemplateService\TemplateProduct.TemplateService.Tests\TemplateProduct.TemplateService.Tests.csproj", "{A41C4746-2709-4DDF-A72C-50C64771A8AE}"
EndProject
Project("{2150E333-8FDC-42A3-9474-1A3956D46DE8}") = "lambdas", "lambdas", "{5772B66A-DA16-4256-8947-0BB89B9C614C}"
EndProject
Project("{2150E333-8FDC-42A3-9474-1A3956D46DE8}") = "tools", "tools", "{0458B925-F45A-4F09-ACDB-0EF267AB3DD1}"
EndProject
Project("{2150E333-8FDC-42A3-9474-1A3956D46DE8}") = "nginx", "nginx", "{4F464592-AD3C-4C58-A3A3-E127058F04CD}"
EndProject
Project("{FAE04EC0-301F-11D3-BF4B-00C04F79EFBC}") = "DashDevs.TemplatePostProcessor", "tools\DashDevs.TemplatePostProcessor\DashDevs.TemplatePostProcessor.csproj", "{F01F05E2-703E-4E00-9944-23A0929FF5C4}"
EndProject
Global
	GlobalSection(SolutionConfigurationPlatforms) = preSolution
		Debug|Any CPU = Debug|Any CPU
		Release|Any CPU = Release|Any CPU
	EndGlobalSection
	GlobalSection(ProjectConfigurationPlatforms) = postSolution
		{BFB73B84-05FE-4DFB-AF9C-FA8B4D1786B0}.Debug|Any CPU.ActiveCfg = Debug|Any CPU
		{BFB73B84-05FE-4DFB-AF9C-FA8B4D1786B0}.Debug|Any CPU.Build.0 = Debug|Any CPU
		{BFB73B84-05FE-4DFB-AF9C-FA8B4D1786B0}.Release|Any CPU.ActiveCfg = Release|Any CPU
		{BFB73B84-05FE-4DFB-AF9C-FA8B4D1786B0}.Release|Any CPU.Build.0 = Release|Any CPU
		{D716BF21-C849-4927-B21E-53113AFF2A10}.Debug|Any CPU.ActiveCfg = Debug|Any CPU
		{D716BF21-C849-4927-B21E-53113AFF2A10}.Debug|Any CPU.Build.0 = Debug|Any CPU
		{D716BF21-C849-4927-B21E-53113AFF2A10}.Release|Any CPU.ActiveCfg = Release|Any CPU
		{D716BF21-C849-4927-B21E-53113AFF2A10}.Release|Any CPU.Build.0 = Release|Any CPU
		{4B636E81-149A-42A0-B7CA-F1A21D4FEF5E}.Debug|Any CPU.ActiveCfg = Debug|Any CPU
		{4B636E81-149A-42A0-B7CA-F1A21D4FEF5E}.Debug|Any CPU.Build.0 = Debug|Any CPU
		{4B636E81-149A-42A0-B7CA-F1A21D4FEF5E}.Release|Any CPU.ActiveCfg = Release|Any CPU
		{4B636E81-149A-42A0-B7CA-F1A21D4FEF5E}.Release|Any CPU.Build.0 = Release|Any CPU
		{A41C4746-2709-4DDF-A72C-50C64771A8AE}.Debug|Any CPU.ActiveCfg = Debug|Any CPU
		{A41C4746-2709-4DDF-A72C-50C64771A8AE}.Debug|Any CPU.Build.0 = Debug|Any CPU
		{A41C4746-2709-4DDF-A72C-50C64771A8AE}.Release|Any CPU.ActiveCfg = Release|Any CPU
		{A41C4746-2709-4DDF-A72C-50C64771A8AE}.Release|Any CPU.Build.0 = Release|Any CPU
		{F01F05E2-703E-4E00-9944-23A0929FF5C4}.Debug|Any CPU.ActiveCfg = Debug|Any CPU
		{F01F05E2-703E-4E00-9944-23A0929FF5C4}.Debug|Any CPU.Build.0 = Debug|Any CPU
		{F01F05E2-703E-4E00-9944-23A0929FF5C4}.Release|Any CPU.ActiveCfg = Release|Any CPU
		{F01F05E2-703E-4E00-9944-23A0929FF5C4}.Release|Any CPU.Build.0 = Release|Any CPU
	EndGlobalSection
	GlobalSection(SolutionProperties) = preSolution
		HideSolutionNode = FALSE
	EndGlobalSection
	GlobalSection(NestedProjects) = preSolution
		{F6CD0052-2DEE-4B64-ACAB-DEE8331C7B55} = {5E83E3EA-C97B-4290-8DA7-979D54BCC69D}
		{8812A7BA-0FA3-42F2-AFCE-5DF56DA148FC} = {F6CD0052-2DEE-4B64-ACAB-DEE8331C7B55}
		{D716BF21-C849-4927-B21E-53113AFF2A10} = {8812A7BA-0FA3-42F2-AFCE-5DF56DA148FC}
		{4B636E81-149A-42A0-B7CA-F1A21D4FEF5E} = {8812A7BA-0FA3-42F2-AFCE-5DF56DA148FC}
		{A41C4746-2709-4DDF-A72C-50C64771A8AE} = {8812A7BA-0FA3-42F2-AFCE-5DF56DA148FC}
		{5772B66A-DA16-4256-8947-0BB89B9C614C} = {5E83E3EA-C97B-4290-8DA7-979D54BCC69D}
		{F01F05E2-703E-4E00-9944-23A0929FF5C4} = {0458B925-F45A-4F09-ACDB-0EF267AB3DD1}
	EndGlobalSection
	GlobalSection(ExtensibilityGlobals) = postSolution
		SolutionGuid = {32D62155-F4BD-4A7F-B0C3-31F46C76087C}
	EndGlobalSection
EndGlobal
